
Microsoft Visual Studio Solution File, Format Version 12.00
# Visual Studio Version 16
VisualStudioVersion = 16.0.28803.156
MinimumVisualStudioVersion = 10.0.40219.1
Project("{888888A0-9F3D-457C-B088-3A5042F75D52}") = "fermonitor", "fermonitor.pyproj", "{90354B09-7B33-4B76-9122-1BD4888FEF8E}"
EndProject
Global
	GlobalSection(SolutionConfigurationPlatforms) = preSolution
		Debug|Any CPU = Debug|Any CPU
		Release|Any CPU = Release|Any CPU
	EndGlobalSection
	GlobalSection(ProjectConfigurationPlatforms) = postSolution
		{90354B09-7B33-4B76-9122-1BD4888FEF8E}.Debug|Any CPU.ActiveCfg = Debug|Any CPU
		{90354B09-7B33-4B76-9122-1BD4888FEF8E}.Release|Any CPU.ActiveCfg = Release|Any CPU
	EndGlobalSection
	GlobalSection(SolutionProperties) = preSolution
		HideSolutionNode = FALSE
	EndGlobalSection
	GlobalSection(ExtensibilityGlobals) = postSolution
		SolutionGuid = {ACCFE882-D0DB-4017-A792-C2624D8AFD8A}
	EndGlobalSection
EndGlobal
